
Microsoft Visual Studio Solution File, Format Version 12.00
# Visual Studio Version 17
VisualStudioVersion = 17.3.32825.248
MinimumVisualStudioVersion = 10.0.40219.1
Project("{FAE04EC0-301F-11D3-BF4B-00C04F79EFBC}") = "Week6StringsAndArrays", "Week6StringsAndArrays\Week6StringsAndArrays.csproj", "{FDBF27F6-7E36-4798-8209-1703D5A85F99}"
EndProject
Project("{FAE04EC0-301F-11D3-BF4B-00C04F79EFBC}") = "Arrays", "Arrays\Arrays.csproj", "{42416F78-0D35-4148-AA30-E648B6D26797}"
EndProject
Project("{FAE04EC0-301F-11D3-BF4B-00C04F79EFBC}") = "NumberArray", "NumberArray\NumberArray.csproj", "{8AC1C071-7254-4C1A-8E80-988EC425E19F}"
EndProject
Project("{FAE04EC0-301F-11D3-BF4B-00C04F79EFBC}") = "RandomElement", "RandomElement\RandomElement.csproj", "{3DFC64C3-3AD7-4532-860A-E126CCC18CFF}"
EndProject
Global
	GlobalSection(SolutionConfigurationPlatforms) = preSolution
		Debug|Any CPU = Debug|Any CPU
		Release|Any CPU = Release|Any CPU
	EndGlobalSection
	GlobalSection(ProjectConfigurationPlatforms) = postSolution
		{FDBF27F6-7E36-4798-8209-1703D5A85F99}.Debug|Any CPU.ActiveCfg = Debug|Any CPU
		{FDBF27F6-7E36-4798-8209-1703D5A85F99}.Debug|Any CPU.Build.0 = Debug|Any CPU
		{FDBF27F6-7E36-4798-8209-1703D5A85F99}.Release|Any CPU.ActiveCfg = Release|Any CPU
		{FDBF27F6-7E36-4798-8209-1703D5A85F99}.Release|Any CPU.Build.0 = Release|Any CPU
		{42416F78-0D35-4148-AA30-E648B6D26797}.Debug|Any CPU.ActiveCfg = Debug|Any CPU
		{42416F78-0D35-4148-AA30-E648B6D26797}.Debug|Any CPU.Build.0 = Debug|Any CPU
		{42416F78-0D35-4148-AA30-E648B6D26797}.Release|Any CPU.ActiveCfg = Release|Any CPU
		{42416F78-0D35-4148-AA30-E648B6D26797}.Release|Any CPU.Build.0 = Release|Any CPU
		{8AC1C071-7254-4C1A-8E80-988EC425E19F}.Debug|Any CPU.ActiveCfg = Debug|Any CPU
		{8AC1C071-7254-4C1A-8E80-988EC425E19F}.Debug|Any CPU.Build.0 = Debug|Any CPU
		{8AC1C071-7254-4C1A-8E80-988EC425E19F}.Release|Any CPU.ActiveCfg = Release|Any CPU
		{8AC1C071-7254-4C1A-8E80-988EC425E19F}.Release|Any CPU.Build.0 = Release|Any CPU
		{3DFC64C3-3AD7-4532-860A-E126CCC18CFF}.Debug|Any CPU.ActiveCfg = Debug|Any CPU
		{3DFC64C3-3AD7-4532-860A-E126CCC18CFF}.Debug|Any CPU.Build.0 = Debug|Any CPU
		{3DFC64C3-3AD7-4532-860A-E126CCC18CFF}.Release|Any CPU.ActiveCfg = Release|Any CPU
		{3DFC64C3-3AD7-4532-860A-E126CCC18CFF}.Release|Any CPU.Build.0 = Release|Any CPU
	EndGlobalSection
	GlobalSection(SolutionProperties) = preSolution
		HideSolutionNode = FALSE
	EndGlobalSection
	GlobalSection(ExtensibilityGlobals) = postSolution
		SolutionGuid = {F091E9BD-61DF-41BC-9077-5AB855E24CF7}
	EndGlobalSection
EndGlobal
